
Microsoft Visual Studio Solution File, Format Version 12.00
# Visual Studio Version 16
VisualStudioVersion = 16.6.30114.105
MinimumVisualStudioVersion = 10.0.40219.1
Project("{2150E333-8FDC-42A3-9474-1A3956D46DE8}") = "src", "src", "{CA636F04-22B2-451F-9FE5-C39B226AEA75}"
EndProject
Project("{FAE04EC0-301F-11D3-BF4B-00C04F79EFBC}") = "OverBlaze", "src\OverBlaze\OverBlaze.csproj", "{48AF7384-4680-448F-B5F0-489F3C8DFBD0}"
EndProject
Global
	GlobalSection(SolutionConfigurationPlatforms) = preSolution
		Debug|Any CPU = Debug|Any CPU
		Debug|x64 = Debug|x64
		Debug|x86 = Debug|x86
		Release|Any CPU = Release|Any CPU
		Release|x64 = Release|x64
		Release|x86 = Release|x86
	EndGlobalSection
	GlobalSection(SolutionProperties) = preSolution
		HideSolutionNode = FALSE
	EndGlobalSection
	GlobalSection(ProjectConfigurationPlatforms) = postSolution
		{48AF7384-4680-448F-B5F0-489F3C8DFBD0}.Debug|Any CPU.ActiveCfg = Debug|Any CPU
		{48AF7384-4680-448F-B5F0-489F3C8DFBD0}.Debug|Any CPU.Build.0 = Debug|Any CPU
		{48AF7384-4680-448F-B5F0-489F3C8DFBD0}.Debug|x64.ActiveCfg = Debug|Any CPU
		{48AF7384-4680-448F-B5F0-489F3C8DFBD0}.Debug|x64.Build.0 = Debug|Any CPU
		{48AF7384-4680-448F-B5F0-489F3C8DFBD0}.Debug|x86.ActiveCfg = Debug|Any CPU
		{48AF7384-4680-448F-B5F0-489F3C8DFBD0}.Debug|x86.Build.0 = Debug|Any CPU
		{48AF7384-4680-448F-B5F0-489F3C8DFBD0}.Release|Any CPU.ActiveCfg = Release|Any CPU
		{48AF7384-4680-448F-B5F0-489F3C8DFBD0}.Release|Any CPU.Build.0 = Release|Any CPU
		{48AF7384-4680-448F-B5F0-489F3C8DFBD0}.Release|x64.ActiveCfg = Release|Any CPU
		{48AF7384-4680-448F-B5F0-489F3C8DFBD0}.Release|x64.Build.0 = Release|Any CPU
		{48AF7384-4680-448F-B5F0-489F3C8DFBD0}.Release|x86.ActiveCfg = Release|Any CPU
		{48AF7384-4680-448F-B5F0-489F3C8DFBD0}.Release|x86.Build.0 = Release|Any CPU
	EndGlobalSection
	GlobalSection(NestedProjects) = preSolution
		{48AF7384-4680-448F-B5F0-489F3C8DFBD0} = {CA636F04-22B2-451F-9FE5-C39B226AEA75}
	EndGlobalSection
EndGlobal
